// !$*UTF8*$!
{
	archiveVersion = 1;
	classes = {
	};
	objectVersion = 50;
	objects = {

/* Begin PBXBuildFile section */
		047526A2229FDEDA0039A5E3 /* AppDelegate.swift in Sources */ = {isa = PBXBuildFile; fileRef = 047526A1229FDEDA0039A5E3 /* AppDelegate.swift */; };
		047526A4229FDEDA0039A5E3 /* ViewController.swift in Sources */ = {isa = PBXBuildFile; fileRef = 047526A3229FDEDA0039A5E3 /* ViewController.swift */; };
		047526A7229FDEDA0039A5E3 /* Main.storyboard in Resources */ = {isa = PBXBuildFile; fileRef = 047526A5229FDEDA0039A5E3 /* Main.storyboard */; };
		047526A9229FDEDA0039A5E3 /* Assets.xcassets in Resources */ = {isa = PBXBuildFile; fileRef = 047526A8229FDEDA0039A5E3 /* Assets.xcassets */; };
		047526AC229FDEDA0039A5E3 /* LaunchScreen.storyboard in Resources */ = {isa = PBXBuildFile; fileRef = 047526AA229FDEDA0039A5E3 /* LaunchScreen.storyboard */; };
		047526B7229FDEDA0039A5E3 /* Tableview1Tests.swift in Sources */ = {isa = PBXBuildFile; fileRef = 047526B6229FDEDA0039A5E3 /* Tableview1Tests.swift */; };
		047526C2229FDEDB0039A5E3 /* Tableview1UITests.swift in Sources */ = {isa = PBXBuildFile; fileRef = 047526C1229FDEDB0039A5E3 /* Tableview1UITests.swift */; };
/* End PBXBuildFile section */

/* Begin PBXContainerItemProxy section */
		047526B3229FDEDA0039A5E3 /* PBXContainerItemProxy */ = {
			isa = PBXContainerItemProxy;
			containerPortal = 04752696229FDEDA0039A5E3 /* Project object */;
			proxyType = 1;
			remoteGlobalIDString = 0475269D229FDEDA0039A5E3;
			remoteInfo = Tableview1;
		};
		047526BE229FDEDB0039A5E3 /* PBXContainerItemProxy */ = {
			isa = PBXContainerItemProxy;
			containerPortal = 04752696229FDEDA0039A5E3 /* Project object */;
			proxyType = 1;
			remoteGlobalIDString = 0475269D229FDEDA0039A5E3;
			remoteInfo = Tableview1;
		};
/* End PBXContainerItemProxy section */

/* Begin PBXFileReference section */
		0475269E229FDEDA0039A5E3 /* Tableview1.app */ = {isa = PBXFileReference; explicitFileType = wrapper.application; includeInIndex = 0; path = Tableview1.app; sourceTree = BUILT_PRODUCTS_DIR; };
		047526A1229FDEDA0039A5E3 /* AppDelegate.swift */ = {isa = PBXFileReference; lastKnownFileType = sourcecode.swift; path = AppDelegate.swift; sourceTree = "<group>"; };
		047526A3229FDEDA0039A5E3 /* ViewController.swift */ = {isa = PBXFileReference; lastKnownFileType = sourcecode.swift; path = ViewController.swift; sourceTree = "<group>"; };
		047526A6229FDEDA0039A5E3 /* Base */ = {isa = PBXFileReference; lastKnownFileType = file.storyboard; name = Base; path = Base.lproj/Main.storyboard; sourceTree = "<group>"; };
		047526A8229FDEDA0039A5E3 /* Assets.xcassets */ = {isa = PBXFileReference; lastKnownFileType = folder.assetcatalog; path = Assets.xcassets; sourceTree = "<group>"; };
		047526AB229FDEDA0039A5E3 /* Base */ = {isa = PBXFileReference; lastKnownFileType = file.storyboard; name = Base; path = Base.lproj/LaunchScreen.storyboard; sourceTree = "<group>"; };
		047526AD229FDEDA0039A5E3 /* Info.plist */ = {isa = PBXFileReference; lastKnownFileType = text.plist.xml; path = Info.plist; sourceTree = "<group>"; };
		047526B2229FDEDA0039A5E3 /* Tableview1Tests.xctest */ = {isa = PBXFileReference; explicitFileType = wrapper.cfbundle; includeInIndex = 0; path = Tableview1Tests.xctest; sourceTree = BUILT_PRODUCTS_DIR; };
		047526B6229FDEDA0039A5E3 /* Tableview1Tests.swift */ = {isa = PBXFileReference; lastKnownFileType = sourcecode.swift; path = Tableview1Tests.swift; sourceTree = "<group>"; };
		047526B8229FDEDA0039A5E3 /* Info.plist */ = {isa = PBXFileReference; lastKnownFileType = text.plist.xml; path = Info.plist; sourceTree = "<group>"; };
		047526BD229FDEDB0039A5E3 /* Tableview1UITests.xctest */ = {isa = PBXFileReference; explicitFileType = wrapper.cfbundle; includeInIndex = 0; path = Tableview1UITests.xctest; sourceTree = BUILT_PRODUCTS_DIR; };
		047526C1229FDEDB0039A5E3 /* Tableview1UITests.swift */ = {isa = PBXFileReference; lastKnownFileType = sourcecode.swift; path = Tableview1UITests.swift; sourceTree = "<group>"; };
		047526C3229FDEDB0039A5E3 /* Info.plist */ = {isa = PBXFileReference; lastKnownFileType = text.plist.xml; path = Info.plist; sourceTree = "<group>"; };
/* End PBXFileReference section */

/* Begin PBXFrameworksBuildPhase section */
		0475269B229FDEDA0039A5E3 /* Frameworks */ = {
			isa = PBXFrameworksBuildPhase;
			buildActionMask = 2147483647;
			files = (
			);
			runOnlyForDeploymentPostprocessing = 0;
		};
		047526AF229FDEDA0039A5E3 /* Frameworks */ = {
			isa = PBXFrameworksBuildPhase;
			buildActionMask = 2147483647;
			files = (
			);
			runOnlyForDeploymentPostprocessing = 0;
		};
		047526BA229FDEDB0039A5E3 /* Frameworks */ = {
			isa = PBXFrameworksBuildPhase;
			buildActionMask = 2147483647;
			files = (
			);
			runOnlyForDeploymentPostprocessing = 0;
		};
/* End PBXFrameworksBuildPhase section */

/* Begin PBXGroup section */
		04752695229FDEDA0039A5E3 = {
			isa = PBXGroup;
			children = (
				047526A0229FDEDA0039A5E3 /* Tableview1 */,
				047526B5229FDEDA0039A5E3 /* Tableview1Tests */,
				047526C0229FDEDB0039A5E3 /* Tableview1UITests */,
				0475269F229FDEDA0039A5E3 /* Products */,
			);
			sourceTree = "<group>";
		};
		0475269F229FDEDA0039A5E3 /* Products */ = {
			isa = PBXGroup;
			children = (
				0475269E229FDEDA0039A5E3 /* Tableview1.app */,
				047526B2229FDEDA0039A5E3 /* Tableview1Tests.xctest */,
				047526BD229FDEDB0039A5E3 /* Tableview1UITests.xctest */,
			);
			name = Products;
			sourceTree = "<group>";
		};
		047526A0229FDEDA0039A5E3 /* Tableview1 */ = {
			isa = PBXGroup;
			children = (
				047526A1229FDEDA0039A5E3 /* AppDelegate.swift */,
				047526A3229FDEDA0039A5E3 /* ViewController.swift */,
				047526A5229FDEDA0039A5E3 /* Main.storyboard */,
				047526A8229FDEDA0039A5E3 /* Assets.xcassets */,
				047526AA229FDEDA0039A5E3 /* LaunchScreen.storyboard */,
				047526AD229FDEDA0039A5E3 /* Info.plist */,
			);
			path = Tableview1;
			sourceTree = "<group>";
		};
		047526B5229FDEDA0039A5E3 /* Tableview1Tests */ = {
			isa = PBXGroup;
			children = (
				047526B6229FDEDA0039A5E3 /* Tableview1Tests.swift */,
				047526B8229FDEDA0039A5E3 /* Info.plist */,
			);
			path = Tableview1Tests;
			sourceTree = "<group>";
		};
		047526C0229FDEDB0039A5E3 /* Tableview1UITests */ = {
			isa = PBXGroup;
			children = (
				047526C1229FDEDB0039A5E3 /* Tableview1UITests.swift */,
				047526C3229FDEDB0039A5E3 /* Info.plist */,
			);
			path = Tableview1UITests;
			sourceTree = "<group>";
		};
/* End PBXGroup section */

/* Begin PBXNativeTarget section */
		0475269D229FDEDA0039A5E3 /* Tableview1 */ = {
			isa = PBXNativeTarget;
			buildConfigurationList = 047526C6229FDEDB0039A5E3 /* Build configuration list for PBXNativeTarget "Tableview1" */;
			buildPhases = (
				0475269A229FDEDA0039A5E3 /* Sources */,
				0475269B229FDEDA0039A5E3 /* Frameworks */,
				0475269C229FDEDA0039A5E3 /* Resources */,
			);
			buildRules = (
			);
			dependencies = (
			);
			name = Tableview1;
			productName = Tableview1;
			productReference = 0475269E229FDEDA0039A5E3 /* Tableview1.app */;
			productType = "com.apple.product-type.application";
		};
		047526B1229FDEDA0039A5E3 /* Tableview1Tests */ = {
			isa = PBXNativeTarget;
			buildConfigurationList = 047526C9229FDEDB0039A5E3 /* Build configuration list for PBXNativeTarget "Tableview1Tests" */;
			buildPhases = (
				047526AE229FDEDA0039A5E3 /* Sources */,
				047526AF229FDEDA0039A5E3 /* Frameworks */,
				047526B0229FDEDA0039A5E3 /* Resources */,
			);
			buildRules = (
			);
			dependencies = (
				047526B4229FDEDA0039A5E3 /* PBXTargetDependency */,
			);
			name = Tableview1Tests;
			productName = Tableview1Tests;
			productReference = 047526B2229FDEDA0039A5E3 /* Tableview1Tests.xctest */;
			productType = "com.apple.product-type.bundle.unit-test";
		};
		047526BC229FDEDB0039A5E3 /* Tableview1UITests */ = {
			isa = PBXNativeTarget;
			buildConfigurationList = 047526CC229FDEDB0039A5E3 /* Build configuration list for PBXNativeTarget "Tableview1UITests" */;
			buildPhases = (
				047526B9229FDEDB0039A5E3 /* Sources */,
				047526BA229FDEDB0039A5E3 /* Frameworks */,
				047526BB229FDEDB0039A5E3 /* Resources */,
			);
			buildRules = (
			);
			dependencies = (
				047526BF229FDEDB0039A5E3 /* PBXTargetDependency */,
			);
			name = Tableview1UITests;
			productName = Tableview1UITests;
			productReference = 047526BD229FDEDB0039A5E3 /* Tableview1UITests.xctest */;
			productType = "com.apple.product-type.bundle.ui-testing";
		};
/* End PBXNativeTarget section */

/* Begin PBXProject section */
		04752696229FDEDA0039A5E3 /* Project object */ = {
			isa = PBXProject;
			attributes = {
				LastSwiftUpdateCheck = 0930;
				LastUpgradeCheck = 0930;
				ORGANIZATIONNAME = gammastack;
				TargetAttributes = {
					0475269D229FDEDA0039A5E3 = {
						CreatedOnToolsVersion = 9.3;
					};
					047526B1229FDEDA0039A5E3 = {
						CreatedOnToolsVersion = 9.3;
						TestTargetID = 0475269D229FDEDA0039A5E3;
					};
					047526BC229FDEDB0039A5E3 = {
						CreatedOnToolsVersion = 9.3;
						TestTargetID = 0475269D229FDEDA0039A5E3;
					};
				};
			};
			buildConfigurationList = 04752699229FDEDA0039A5E3 /* Build configuration list for PBXProject "Tableview1" */;
			compatibilityVersion = "Xcode 9.3";
			developmentRegion = en;
			hasScannedForEncodings = 0;
			knownRegions = (
				en,
				Base,
			);
			mainGroup = 04752695229FDEDA0039A5E3;
			productRefGroup = 0475269F229FDEDA0039A5E3 /* Products */;
			projectDirPath = "";
			projectRoot = "";
			targets = (
				0475269D229FDEDA0039A5E3 /* Tableview1 */,
				047526B1229FDEDA0039A5E3 /* Tableview1Tests */,
				047526BC229FDEDB0039A5E3 /* Tableview1UITests */,
			);
		};
/* End PBXProject section */

/* Begin PBXResourcesBuildPhase section */
		0475269C229FDEDA0039A5E3 /* Resources */ = {
			isa = PBXResourcesBuildPhase;
			buildActionMask = 2147483647;
			files = (
				047526AC229FDEDA0039A5E3 /* LaunchScreen.storyboard in Resources */,
				047526A9229FDEDA0039A5E3 /* Assets.xcassets in Resources */,
				047526A7229FDEDA0039A5E3 /* Main.storyboard in Resources */,
			);
			runOnlyForDeploymentPostprocessing = 0;
		};
		047526B0229FDEDA0039A5E3 /* Resources */ = {
			isa = PBXResourcesBuildPhase;
			buildActionMask = 2147483647;
			files = (
			);
			runOnlyForDeploymentPostprocessing = 0;
		};
		047526BB229FDEDB0039A5E3 /* Resources */ = {
			isa = PBXResourcesBuildPhase;
			buildActionMask = 2147483647;
			files = (
			);
			runOnlyForDeploymentPostprocessing = 0;
		};
/* End PBXResourcesBuildPhase section */

/* Begin PBXSourcesBuildPhase section */
		0475269A229FDEDA0039A5E3 /* Sources */ = {
			isa = PBXSourcesBuildPhase;
			buildActionMask = 2147483647;
			files = (
				047526A4229FDEDA0039A5E3 /* ViewController.swift in Sources */,
				047526A2229FDEDA0039A5E3 /* AppDelegate.swift in Sources */,
			);
			runOnlyForDeploymentPostprocessing = 0;
		};
		047526AE229FDEDA0039A5E3 /* Sources */ = {
			isa = PBXSourcesBuildPhase;
			buildActionMask = 2147483647;
			files = (
				047526B7229FDEDA0039A5E3 /* Tableview1Tests.swift in Sources */,
			);
			runOnlyForDeploymentPostprocessing = 0;
		};
		047526B9229FDEDB0039A5E3 /* Sources */ = {
			isa = PBXSourcesBuildPhase;
			buildActionMask = 2147483647;
			files = (
				047526C2229FDEDB0039A5E3 /* Tableview1UITests.swift in Sources */,
			);
			runOnlyForDeploymentPostprocessing = 0;
		};
/* End PBXSourcesBuildPhase section */

/* Begin PBXTargetDependency section */
		047526B4229FDEDA0039A5E3 /* PBXTargetDependency */ = {
			isa = PBXTargetDependency;
			target = 0475269D229FDEDA0039A5E3 /* Tableview1 */;
			targetProxy = 047526B3229FDEDA0039A5E3 /* PBXContainerItemProxy */;
		};
		047526BF229FDEDB0039A5E3 /* PBXTargetDependency */ = {
			isa = PBXTargetDependency;
			target = 0475269D229FDEDA0039A5E3 /* Tableview1 */;
			targetProxy = 047526BE229FDEDB0039A5E3 /* PBXContainerItemProxy */;
		};
/* End PBXTargetDependency section */

/* Begin PBXVariantGroup section */
		047526A5229FDEDA0039A5E3 /* Main.storyboard */ = {
			isa = PBXVariantGroup;
			children = (
				047526A6229FDEDA0039A5E3 /* Base */,
			);
			name = Main.storyboard;
			sourceTree = "<group>";
		};
		047526AA229FDEDA0039A5E3 /* LaunchScreen.storyboard */ = {
			isa = PBXVariantGroup;
			children = (
				047526AB229FDEDA0039A5E3 /* Base */,
			);
			name = LaunchScreen.storyboard;
			sourceTree = "<group>";
		};
/* End PBXVariantGroup section */

/* Begin XCBuildConfiguration section */
		047526C4229FDEDB0039A5E3 /* Debug */ = {
			isa = XCBuildConfiguration;
			buildSettings = {
				ALWAYS_SEARCH_USER_PATHS = NO;
				CLANG_ANALYZER_NONNULL = YES;
				CLANG_ANALYZER_NUMBER_OBJECT_CONVERSION = YES_AGGRESSIVE;
				CLANG_CXX_LANGUAGE_STANDARD = "gnu++14";
				CLANG_CXX_LIBRARY = "libc++";
				CLANG_ENABLE_MODULES = YES;
				CLANG_ENABLE_OBJC_ARC = YES;
				CLANG_ENABLE_OBJC_WEAK = YES;
				CLANG_WARN_BLOCK_CAPTURE_AUTORELEASING = YES;
				CLANG_WARN_BOOL_CONVERSION = YES;
				CLANG_WARN_COMMA = YES;
				CLANG_WARN_CONSTANT_CONVERSION = YES;
				CLANG_WARN_DEPRECATED_OBJC_IMPLEMENTATIONS = YES;
				CLANG_WARN_DIRECT_OBJC_ISA_USAGE = YES_ERROR;
				CLANG_WARN_DOCUMENTATION_COMMENTS = YES;
				CLANG_WARN_EMPTY_BODY = YES;
				CLANG_WARN_ENUM_CONVERSION = YES;
				CLANG_WARN_INFINITE_RECURSION = YES;
				CLANG_WARN_INT_CONVERSION = YES;
				CLANG_WARN_NON_LITERAL_NULL_CONVERSION = YES;
				CLANG_WARN_OBJC_IMPLICIT_RETAIN_SELF = YES;
				CLANG_WARN_OBJC_LITERAL_CONVERSION = YES;
				CLANG_WARN_OBJC_ROOT_CLASS = YES_ERROR;
				CLANG_WARN_RANGE_LOOP_ANALYSIS = YES;
				CLANG_WARN_STRICT_PROTOTYPES = YES;
				CLANG_WARN_SUSPICIOUS_MOVE = YES;
				CLANG_WARN_UNGUARDED_AVAILABILITY = YES_AGGRESSIVE;
				CLANG_WARN_UNREACHABLE_CODE = YES;
				CLANG_WARN__DUPLICATE_METHOD_MATCH = YES;
				CODE_SIGN_IDENTITY = "iPhone Developer";
				COPY_PHASE_STRIP = NO;
				DEBUG_INFORMATION_FORMAT = dwarf;
				ENABLE_STRICT_OBJC_MSGSEND = YES;
				ENABLE_TESTABILITY = YES;
				GCC_C_LANGUAGE_STANDARD = gnu11;
				GCC_DYNAMIC_NO_PIC = NO;
				GCC_NO_COMMON_BLOCKS = YES;
				GCC_OPTIMIZATION_LEVEL = 0;
				GCC_PREPROCESSOR_DEFINITIONS = (
					"DEBUG=1",
					"$(inherited)",
				);
				GCC_WARN_64_TO_32_BIT_CONVERSION = YES;
				GCC_WARN_ABOUT_RETURN_TYPE = YES_ERROR;
				GCC_WARN_UNDECLARED_SELECTOR = YES;
				GCC_WARN_UNINITIALIZED_AUTOS = YES_AGGRESSIVE;
				GCC_WARN_UNUSED_FUNCTION = YES;
				GCC_WARN_UNUSED_VARIABLE = YES;
				IPHONEOS_DEPLOYMENT_TARGET = 11.3;
				MTL_ENABLE_DEBUG_INFO = YES;
				ONLY_ACTIVE_ARCH = YES;
				SDKROOT = iphoneos;
				SWIFT_ACTIVE_COMPILATION_CONDITIONS = DEBUG;
				SWIFT_OPTIMIZATION_LEVEL = "-Onone";
			};
			name = Debug;
		};
		047526C5229FDEDB0039A5E3 /* Release */ = {
			isa = XCBuildConfiguration;
			buildSettings = {
				ALWAYS_SEARCH_USER_PATHS = NO;
				CLANG_ANALYZER_NONNULL = YES;
				CLANG_ANALYZER_NUMBER_OBJECT_CONVERSION = YES_AGGRESSIVE;
				CLANG_CXX_LANGUAGE_STANDARD = "gnu++14";
				CLANG_CXX_LIBRARY = "libc++";
				CLANG_ENABLE_MODULES = YES;
				CLANG_ENABLE_OBJC_ARC = YES;
				CLANG_ENABLE_OBJC_WEAK = YES;
				CLANG_WARN_BLOCK_CAPTURE_AUTORELEASING = YES;
				CLANG_WARN_BOOL_CONVERSION = YES;
				CLANG_WARN_COMMA = YES;
				CLANG_WARN_CONSTANT_CONVERSION = YES;
				CLANG_WARN_DEPRECATED_OBJC_IMPLEMENTATIONS = YES;
				CLANG_WARN_DIRECT_OBJC_ISA_USAGE = YES_ERROR;
				CLANG_WARN_DOCUMENTATION_COMMENTS = YES;
				CLANG_WARN_EMPTY_BODY = YES;
				CLANG_WARN_ENUM_CONVERSION = YES;
				CLANG_WARN_INFINITE_RECURSION = YES;
				CLANG_WARN_INT_CONVERSION = YES;
				CLANG_WARN_NON_LITERAL_NULL_CONVERSION = YES;
				CLANG_WARN_OBJC_IMPLICIT_RETAIN_SELF = YES;
				CLANG_WARN_OBJC_LITERAL_CONVERSION = YES;
				CLANG_WARN_OBJC_ROOT_CLASS = YES_ERROR;
				CLANG_WARN_RANGE_LOOP_ANALYSIS = YES;
				CLANG_WARN_STRICT_PROTOTYPES = YES;
				CLANG_WARN_SUSPICIOUS_MOVE = YES;
				CLANG_WARN_UNGUARDED_AVAILABILITY = YES_AGGRESSIVE;
				CLANG_WARN_UNREACHABLE_CODE = YES;
				CLANG_WARN__DUPLICATE_METHOD_MATCH = YES;
				CODE_SIGN_IDENTITY = "iPhone Developer";
				COPY_PHASE_STRIP = NO;
				DEBUG_INFORMATION_FORMAT = "dwarf-with-dsym";
				ENABLE_NS_ASSERTIONS = NO;
				ENABLE_STRICT_OBJC_MSGSEND = YES;
				GCC_C_LANGUAGE_STANDARD = gnu11;
				GCC_NO_COMMON_BLOCKS = YES;
				GCC_WARN_64_TO_32_BIT_CONVERSION = YES;
				GCC_WARN_ABOUT_RETURN_TYPE = YES_ERROR;
				GCC_WARN_UNDECLARED_SELECTOR = YES;
				GCC_WARN_UNINITIALIZED_AUTOS = YES_AGGRESSIVE;
				GCC_WARN_UNUSED_FUNCTION = YES;
				GCC_WARN_UNUSED_VARIABLE = YES;
				IPHONEOS_DEPLOYMENT_TARGET = 11.3;
				MTL_ENABLE_DEBUG_INFO = NO;
				SDKROOT = iphoneos;
				SWIFT_COMPILATION_MODE = wholemodule;
				SWIFT_OPTIMIZATION_LEVEL = "-O";
				VALIDATE_PRODUCT = YES;
			};
			name = Release;
		};
		047526C7229FDEDB0039A5E3 /* Debug */ = {
			isa = XCBuildConfiguration;
			buildSettings = {
				ASSETCATALOG_COMPILER_APPICON_NAME = AppIcon;
				CODE_SIGN_STYLE = Automatic;
				INFOPLIST_FILE = Tableview1/Info.plist;
				LD_RUNPATH_SEARCH_PATHS = (
					"$(inherited)",
					"@executable_path/Frameworks",
				);
				PRODUCT_BUNDLE_IDENTIFIER = ssj.Tableview1;
				PRODUCT_NAME = "$(TARGET_NAME)";
				SWIFT_VERSION = 4.0;
				TARGETED_DEVICE_FAMILY = "1,2";
			};
			name = Debug;
		};
		047526C8229FDEDB0039A5E3 /* Release */ = {
			isa = XCBuildConfiguration;
			buildSettings = {
				ASSETCATALOG_COMPILER_APPICON_NAME = AppIcon;
				CODE_SIGN_STYLE = Automatic;
				INFOPLIST_FILE = Tableview1/Info.plist;
				LD_RUNPATH_SEARCH_PATHS = (
					"$(inherited)",
					"@executable_path/Frameworks",
				);
				PRODUCT_BUNDLE_IDENTIFIER = ssj.Tableview1;
				PRODUCT_NAME = "$(TARGET_NAME)";
				SWIFT_VERSION = 4.0;
				TARGETED_DEVICE_FAMILY = "1,2";
			};
			name = Release;
		};
		047526CA229FDEDB0039A5E3 /* Debug */ = {
			isa = XCBuildConfiguration;
			buildSettings = {
				ALWAYS_EMBED_SWIFT_STANDARD_LIBRARIES = YES;
				BUNDLE_LOADER = "$(TEST_HOST)";
				CODE_SIGN_STYLE = Automatic;
				INFOPLIST_FILE = Tableview1Tests/Info.plist;
				LD_RUNPATH_SEARCH_PATHS = (
					"$(inherited)",
					"@executable_path/Frameworks",
					"@loader_path/Frameworks",
				);
				PRODUCT_BUNDLE_IDENTIFIER = ssj.Tableview1Tests;
				PRODUCT_NAME = "$(TARGET_NAME)";
				SWIFT_VERSION = 4.0;
				TARGETED_DEVICE_FAMILY = "1,2";
				TEST_HOST = "$(BUILT_PRODUCTS_DIR)/Tableview1.app/Tableview1";
			};
			name = Debug;
		};
		047526CB229FDEDB0039A5E3 /* Release */ = {
			isa = XCBuildConfiguration;
			buildSettings = {
				ALWAYS_EMBED_SWIFT_STANDARD_LIBRARIES = YES;
				BUNDLE_LOADER = "$(TEST_HOST)";
				CODE_SIGN_STYLE = Automatic;
				INFOPLIST_FILE = Tableview1Tests/Info.plist;
				LD_RUNPATH_SEARCH_PATHS = (
					"$(inherited)",
					"@executable_path/Frameworks",
					"@loader_path/Frameworks",
				);
				PRODUCT_BUNDLE_IDENTIFIER = ssj.Tableview1Tests;
				PRODUCT_NAME = "$(TARGET_NAME)";
				SWIFT_VERSION = 4.0;
				TARGETED_DEVICE_FAMILY = "1,2";
				TEST_HOST = "$(BUILT_PRODUCTS_DIR)/Tableview1.app/Tableview1";
			};
			name = Release;
		};
		047526CD229FDEDB0039A5E3 /* Debug */ = {
			isa = XCBuildConfiguration;
			buildSettings = {
				ALWAYS_EMBED_SWIFT_STANDARD_LIBRARIES = YES;
				CODE_SIGN_STYLE = Automatic;
				INFOPLIST_FILE = Tableview1UITests/Info.plist;
				LD_RUNPATH_SEARCH_PATHS = (
					"$(inherited)",
					"@executable_path/Frameworks",
					"@loader_path/Frameworks",
				);
				PRODUCT_BUNDLE_IDENTIFIER = ssj.Tableview1UITests;
				PRODUCT_NAME = "$(TARGET_NAME)";
				SWIFT_VERSION = 4.0;
				TARGETED_DEVICE_FAMILY = "1,2";
				TEST_TARGET_NAME = Tableview1;
			};
			name = Debug;
		};
		047526CE229FDEDB0039A5E3 /* Release */ = {
			isa = XCBuildConfiguration;
			buildSettings = {
				ALWAYS_EMBED_SWIFT_STANDARD_LIBRARIES = YES;
				CODE_SIGN_STYLE = Automatic;
				INFOPLIST_FILE = Tableview1UITests/Info.plist;
				LD_RUNPATH_SEARCH_PATHS = (
					"$(inherited)",
					"@executable_path/Frameworks",
					"@loader_path/Frameworks",
				);
				PRODUCT_BUNDLE_IDENTIFIER = ssj.Tableview1UITests;
				PRODUCT_NAME = "$(TARGET_NAME)";
				SWIFT_VERSION = 4.0;
				TARGETED_DEVICE_FAMILY = "1,2";
				TEST_TARGET_NAME = Tableview1;
			};
			name = Release;
		};
/* End XCBuildConfiguration section */

/* Begin XCConfigurationList section */
		04752699229FDEDA0039A5E3 /* Build configuration list for PBXProject "Tableview1" */ = {
			isa = XCConfigurationList;
			buildConfigurations = (
				047526C4229FDEDB0039A5E3 /* Debug */,
				047526C5229FDEDB0039A5E3 /* Release */,
			);
			defaultConfigurationIsVisible = 0;
			defaultConfigurationName = Release;
		};
		047526C6229FDEDB0039A5E3 /* Build configuration list for PBXNativeTarget "Tableview1" */ = {
			isa = XCConfigurationList;
			buildConfigurations = (
				047526C7229FDEDB0039A5E3 /* Debug */,
				047526C8229FDEDB0039A5E3 /* Release */,
			);
			defaultConfigurationIsVisible = 0;
			defaultConfigurationName = Release;
		};
		047526C9229FDEDB0039A5E3 /* Build configuration list for PBXNativeTarget "Tableview1Tests" */ = {
			isa = XCConfigurationList;
			buildConfigurations = (
				047526CA229FDEDB0039A5E3 /* Debug */,
				047526CB229FDEDB0039A5E3 /* Release */,
			);
			defaultConfigurationIsVisible = 0;
			defaultConfigurationName = Release;
		};
		047526CC229FDEDB0039A5E3 /* Build configuration list for PBXNativeTarget "Tableview1UITests" */ = {
			isa = XCConfigurationList;
			buildConfigurations = (
				047526CD229FDEDB0039A5E3 /* Debug */,
				047526CE229FDEDB0039A5E3 /* Release */,
			);
			defaultConfigurationIsVisible = 0;
			defaultConfigurationName = Release;
		};
/* End XCConfigurationList section */
	};
	rootObject = 04752696229FDEDA0039A5E3 /* Project object */;
}
